{
    "_readme": [
        "This file locks the dependencies of your project to a known state",
        "Read more about it at https://getcomposer.org/doc/01-basic-usage.md#installing-dependencies",
        "This file is @generated automatically"
    ],
    "content-hash": "2d67a645b7db39594e19a28671a03721",
    "packages": [
        {
            "name": "warp-driven/php-sdk",
            "version": "dev-dev",
            "source": {
                "type": "git",
                "url": "https://github.com/warpdriven/wd-ai-php-sdk.git",
                "reference": "43fa2aa8eeac1ffb1f3f58cd0abe1bc357cc6675"
            },
            "dist": {
                "type": "zip",
                "url": "https://api.github.com/repos/warpdriven/wd-ai-php-sdk/zipball/43fa2aa8eeac1ffb1f3f58cd0abe1bc357cc6675",
                "reference": "43fa2aa8eeac1ffb1f3f58cd0abe1bc357cc6675",
                "shasum": ""
            },
            "type": "library",
            "autoload": {
                "psr-4": {
                    "WarpDriven\\PhpSdk\\": "src/"
                }
            },
            "authors": [
                {
                    "name": "Warp Driven Technology",
                    "email": "info@warpdriven.com.au"
                }
            ],
            "support": {
                "source": "https://github.com/warpdriven/wd-ai-php-sdk/tree/dev",
                "issues": "https://github.com/warpdriven/wd-ai-php-sdk/issues"
            },
            "time": "2023-04-18T07:42:06+00:00"
        }
    ],
    "packages-dev": [],
    "aliases": [],
    "minimum-stability": "stable",
    "stability-flags": {
        "warp-driven/php-sdk": 20
    },
    "prefer-stable": false,
    "prefer-lowest": false,
    "platform": [],
    "platform-dev": [],
    "plugin-api-version": "2.3.0"
}
